
Microsoft Visual Studio Solution File, Format Version 12.00
# Visual Studio 15
VisualStudioVersion = 15.0.27703.2047
MinimumVisualStudioVersion = 10.0.40219.1
Project("{FAE04EC0-301F-11D3-BF4B-00C04F79EFBC}") = "StackOverflowTagFetcher", "StackOverflowTagFetcher\StackOverflowTagFetcher.csproj", "{A5967B98-C45B-48A3-9975-5B326AA63B2C}"
EndProject
Global
	GlobalSection(SolutionConfigurationPlatforms) = preSolution
		Debug|Any CPU = Debug|Any CPU
		Release|Any CPU = Release|Any CPU
	EndGlobalSection
	GlobalSection(ProjectConfigurationPlatforms) = postSolution
		{A5967B98-C45B-48A3-9975-5B326AA63B2C}.Debug|Any CPU.ActiveCfg = Debug|Any CPU
		{A5967B98-C45B-48A3-9975-5B326AA63B2C}.Debug|Any CPU.Build.0 = Debug|Any CPU
		{A5967B98-C45B-48A3-9975-5B326AA63B2C}.Release|Any CPU.ActiveCfg = Release|Any CPU
		{A5967B98-C45B-48A3-9975-5B326AA63B2C}.Release|Any CPU.Build.0 = Release|Any CPU
	EndGlobalSection
	GlobalSection(SolutionProperties) = preSolution
		HideSolutionNode = FALSE
	EndGlobalSection
	GlobalSection(ExtensibilityGlobals) = postSolution
		SolutionGuid = {F0F4D51F-2C3C-491A-9353-081AE941D539}
	EndGlobalSection
EndGlobal
